// !$*UTF8*$!
{
	archiveVersion = 1;
	classes = {
	};
	objectVersion = 46;
	objects = {

/* Begin PBXBuildFile section */
		BF1A8F801BAA9C5100E51245 /* LPXcodeUtils.m in Sources */ = {isa = PBXBuildFile; fileRef = BF1A8F7F1BAA9C5100E51245 /* LPXcodeUtils.m */; };
		BFD6F66B1B95868B003BD02A /* LigatureXcodePlugin.xcplugin in CopyFiles */ = {isa = PBXBuildFile; fileRef = BFD6F6611B95847A003BD02A /* LigatureXcodePlugin.xcplugin */; };
		BFD6F66E1B9586B2003BD02A /* LigatureXcodePlugin.m in Sources */ = {isa = PBXBuildFile; fileRef = BFD6F66D1B9586B2003BD02A /* LigatureXcodePlugin.m */; };
/* End PBXBuildFile section */

/* Begin PBXCopyFilesBuildPhase section */
		BFD6F66A1B95867F003BD02A /* CopyFiles */ = {
			isa = PBXCopyFilesBuildPhase;
			buildActionMask = 2147483647;
			dstPath = "~/Library/Application Support/Developer/Shared/Xcode/Plug-ins";
			dstSubfolderSpec = 0;
			files = (
				BFD6F66B1B95868B003BD02A /* LigatureXcodePlugin.xcplugin in CopyFiles */,
			);
			runOnlyForDeploymentPostprocessing = 0;
		};
/* End PBXCopyFilesBuildPhase section */

/* Begin PBXFileReference section */
		BF1A8F7E1BAA9C5100E51245 /* LPXcodeUtils.h */ = {isa = PBXFileReference; fileEncoding = 4; lastKnownFileType = sourcecode.c.h; path = LPXcodeUtils.h; sourceTree = "<group>"; };
		BF1A8F7F1BAA9C5100E51245 /* LPXcodeUtils.m */ = {isa = PBXFileReference; fileEncoding = 4; lastKnownFileType = sourcecode.c.objc; path = LPXcodeUtils.m; sourceTree = "<group>"; };
		BF1A8F811BAA9D4600E51245 /* LPXcodeHeaders.h */ = {isa = PBXFileReference; lastKnownFileType = sourcecode.c.h; path = LPXcodeHeaders.h; sourceTree = "<group>"; };
		BF8871921BD8BF27005021AF /* LICENSE.md */ = {isa = PBXFileReference; fileEncoding = 4; lastKnownFileType = net.daringfireball.markdown; path = LICENSE.md; sourceTree = "<group>"; };
		BF8871931BD8BF27005021AF /* README.md */ = {isa = PBXFileReference; fileEncoding = 4; lastKnownFileType = net.daringfireball.markdown; path = README.md; sourceTree = "<group>"; };
		BFD6F6611B95847A003BD02A /* LigatureXcodePlugin.xcplugin */ = {isa = PBXFileReference; explicitFileType = wrapper.cfbundle; includeInIndex = 0; path = LigatureXcodePlugin.xcplugin; sourceTree = BUILT_PRODUCTS_DIR; };
		BFD6F6641B95847A003BD02A /* Info.plist */ = {isa = PBXFileReference; lastKnownFileType = text.plist.xml; path = Info.plist; sourceTree = "<group>"; };
		BFD6F66C1B9586B2003BD02A /* LigatureXcodePlugin.h */ = {isa = PBXFileReference; fileEncoding = 4; lastKnownFileType = sourcecode.c.h; path = LigatureXcodePlugin.h; sourceTree = "<group>"; };
		BFD6F66D1B9586B2003BD02A /* LigatureXcodePlugin.m */ = {isa = PBXFileReference; fileEncoding = 4; lastKnownFileType = sourcecode.c.objc; path = LigatureXcodePlugin.m; sourceTree = "<group>"; };
/* End PBXFileReference section */

/* Begin PBXFrameworksBuildPhase section */
		BFD6F65E1B95847A003BD02A /* Frameworks */ = {
			isa = PBXFrameworksBuildPhase;
			buildActionMask = 2147483647;
			files = (
			);
			runOnlyForDeploymentPostprocessing = 0;
		};
/* End PBXFrameworksBuildPhase section */

/* Begin PBXGroup section */
		BF8871911BD8BF17005021AF /* Info */ = {
			isa = PBXGroup;
			children = (
				BF8871921BD8BF27005021AF /* LICENSE.md */,
				BF8871931BD8BF27005021AF /* README.md */,
			);
			name = Info;
			sourceTree = "<group>";
		};
		BFD6F6581B95847A003BD02A = {
			isa = PBXGroup;
			children = (
				BFD6F6631B95847A003BD02A /* LigatureXcodePlugin */,
				BFD6F6621B95847A003BD02A /* Products */,
				BF8871911BD8BF17005021AF /* Info */,
			);
			sourceTree = "<group>";
		};
		BFD6F6621B95847A003BD02A /* Products */ = {
			isa = PBXGroup;
			children = (
				BFD6F6611B95847A003BD02A /* LigatureXcodePlugin.xcplugin */,
			);
			name = Products;
			sourceTree = "<group>";
		};
		BFD6F6631B95847A003BD02A /* LigatureXcodePlugin */ = {
			isa = PBXGroup;
			children = (
				BFD6F6641B95847A003BD02A /* Info.plist */,
				BFD6F66C1B9586B2003BD02A /* LigatureXcodePlugin.h */,
				BFD6F66D1B9586B2003BD02A /* LigatureXcodePlugin.m */,
				BF1A8F7E1BAA9C5100E51245 /* LPXcodeUtils.h */,
				BF1A8F7F1BAA9C5100E51245 /* LPXcodeUtils.m */,
				BF1A8F811BAA9D4600E51245 /* LPXcodeHeaders.h */,
			);
			path = LigatureXcodePlugin;
			sourceTree = "<group>";
		};
/* End PBXGroup section */

/* Begin PBXNativeTarget section */
		BFD6F6601B95847A003BD02A /* LigatureXcodePlugin */ = {
			isa = PBXNativeTarget;
			buildConfigurationList = BFD6F6671B95847A003BD02A /* Build configuration list for PBXNativeTarget "LigatureXcodePlugin" */;
			buildPhases = (
				BFD6F65D1B95847A003BD02A /* Sources */,
				BFD6F65E1B95847A003BD02A /* Frameworks */,
				BFD6F65F1B95847A003BD02A /* Resources */,
				BFD6F66A1B95867F003BD02A /* CopyFiles */,
			);
			buildRules = (
			);
			dependencies = (
			);
			name = LigatureXcodePlugin;
			productName = LigatureXcodePlugin;
			productReference = BFD6F6611B95847A003BD02A /* LigatureXcodePlugin.xcplugin */;
			productType = "com.apple.product-type.bundle";
		};
/* End PBXNativeTarget section */

/* Begin PBXProject section */
		BFD6F6591B95847A003BD02A /* Project object */ = {
			isa = PBXProject;
			attributes = {
				LastUpgradeCheck = 0700;
				ORGANIZATIONNAME = "Robert Vojta";
				TargetAttributes = {
					BFD6F6601B95847A003BD02A = {
						CreatedOnToolsVersion = 7.0;
					};
				};
			};
			buildConfigurationList = BFD6F65C1B95847A003BD02A /* Build configuration list for PBXProject "LigatureXcodePlugin" */;
			compatibilityVersion = "Xcode 3.2";
			developmentRegion = English;
			hasScannedForEncodings = 0;
			knownRegions = (
				en,
			);
			mainGroup = BFD6F6581B95847A003BD02A;
			productRefGroup = BFD6F6621B95847A003BD02A /* Products */;
			projectDirPath = "";
			projectRoot = "";
			targets = (
				BFD6F6601B95847A003BD02A /* LigatureXcodePlugin */,
			);
		};
/* End PBXProject section */

/* Begin PBXResourcesBuildPhase section */
		BFD6F65F1B95847A003BD02A /* Resources */ = {
			isa = PBXResourcesBuildPhase;
			buildActionMask = 2147483647;
			files = (
			);
			runOnlyForDeploymentPostprocessing = 0;
		};
/* End PBXResourcesBuildPhase section */

/* Begin PBXSourcesBuildPhase section */
		BFD6F65D1B95847A003BD02A /* Sources */ = {
			isa = PBXSourcesBuildPhase;
			buildActionMask = 2147483647;
			files = (
				BFD6F66E1B9586B2003BD02A /* LigatureXcodePlugin.m in Sources */,
				BF1A8F801BAA9C5100E51245 /* LPXcodeUtils.m in Sources */,
			);
			runOnlyForDeploymentPostprocessing = 0;
		};
/* End PBXSourcesBuildPhase section */

/* Begin XCBuildConfiguration section */
		BFD6F6651B95847A003BD02A /* Debug */ = {
			isa = XCBuildConfiguration;
			buildSettings = {
				ALWAYS_SEARCH_USER_PATHS = NO;
				CLANG_CXX_LANGUAGE_STANDARD = "gnu++0x";
				CLANG_CXX_LIBRARY = "libc++";
				CLANG_ENABLE_MODULES = YES;
				CLANG_ENABLE_OBJC_ARC = YES;
				CLANG_WARN_BOOL_CONVERSION = YES;
				CLANG_WARN_CONSTANT_CONVERSION = YES;
				CLANG_WARN_DIRECT_OBJC_ISA_USAGE = YES_ERROR;
				CLANG_WARN_EMPTY_BODY = YES;
				CLANG_WARN_ENUM_CONVERSION = YES;
				CLANG_WARN_INT_CONVERSION = YES;
				CLANG_WARN_OBJC_ROOT_CLASS = YES_ERROR;
				CLANG_WARN_UNREACHABLE_CODE = YES;
				CLANG_WARN__DUPLICATE_METHOD_MATCH = YES;
				COPY_PHASE_STRIP = NO;
				DEBUG_INFORMATION_FORMAT = dwarf;
				ENABLE_STRICT_OBJC_MSGSEND = YES;
				ENABLE_TESTABILITY = YES;
				GCC_C_LANGUAGE_STANDARD = gnu99;
				GCC_DYNAMIC_NO_PIC = NO;
				GCC_NO_COMMON_BLOCKS = YES;
				GCC_OPTIMIZATION_LEVEL = 0;
				GCC_PREPROCESSOR_DEFINITIONS = (
					"DEBUG=1",
					"$(inherited)",
				);
				GCC_WARN_64_TO_32_BIT_CONVERSION = YES;
				GCC_WARN_ABOUT_RETURN_TYPE = YES_ERROR;
				GCC_WARN_UNDECLARED_SELECTOR = YES;
				GCC_WARN_UNINITIALIZED_AUTOS = YES_AGGRESSIVE;
				GCC_WARN_UNUSED_FUNCTION = YES;
				GCC_WARN_UNUSED_VARIABLE = YES;
				MACOSX_DEPLOYMENT_TARGET = 10.10;
				MTL_ENABLE_DEBUG_INFO = YES;
				ONLY_ACTIVE_ARCH = YES;
				SDKROOT = macosx;
			};
			name = Debug;
		};
		BFD6F6661B95847A003BD02A /* Release */ = {
			isa = XCBuildConfiguration;
			buildSettings = {
				ALWAYS_SEARCH_USER_PATHS = NO;
				CLANG_CXX_LANGUAGE_STANDARD = "gnu++0x";
				CLANG_CXX_LIBRARY = "libc++";
				CLANG_ENABLE_MODULES = YES;
				CLANG_ENABLE_OBJC_ARC = YES;
				CLANG_WARN_BOOL_CONVERSION = YES;
				CLANG_WARN_CONSTANT_CONVERSION = YES;
				CLANG_WARN_DIRECT_OBJC_ISA_USAGE = YES_ERROR;
				CLANG_WARN_EMPTY_BODY = YES;
				CLANG_WARN_ENUM_CONVERSION = YES;
				CLANG_WARN_INT_CONVERSION = YES;
				CLANG_WARN_OBJC_ROOT_CLASS = YES_ERROR;
				CLANG_WARN_UNREACHABLE_CODE = YES;
				CLANG_WARN__DUPLICATE_METHOD_MATCH = YES;
				COPY_PHASE_STRIP = NO;
				DEBUG_INFORMATION_FORMAT = "dwarf-with-dsym";
				ENABLE_NS_ASSERTIONS = NO;
				ENABLE_STRICT_OBJC_MSGSEND = YES;
				GCC_C_LANGUAGE_STANDARD = gnu99;
				GCC_NO_COMMON_BLOCKS = YES;
				GCC_WARN_64_TO_32_BIT_CONVERSION = YES;
				GCC_WARN_ABOUT_RETURN_TYPE = YES_ERROR;
				GCC_WARN_UNDECLARED_SELECTOR = YES;
				GCC_WARN_UNINITIALIZED_AUTOS = YES_AGGRESSIVE;
				GCC_WARN_UNUSED_FUNCTION = YES;
				GCC_WARN_UNUSED_VARIABLE = YES;
				MACOSX_DEPLOYMENT_TARGET = 10.10;
				MTL_ENABLE_DEBUG_INFO = NO;
				SDKROOT = macosx;
			};
			name = Release;
		};
		BFD6F6681B95847A003BD02A /* Debug */ = {
			isa = XCBuildConfiguration;
			buildSettings = {
				COMBINE_HIDPI_IMAGES = YES;
				INFOPLIST_FILE = LigatureXcodePlugin/Info.plist;
				INSTALL_PATH = "$(LOCAL_LIBRARY_DIR)/Bundles";
				PRODUCT_BUNDLE_IDENTIFIER = com.robertvojta.app.LigatureXcodePlugin;
				PRODUCT_NAME = "$(TARGET_NAME)";
				SKIP_INSTALL = YES;
				WRAPPER_EXTENSION = xcplugin;
			};
			name = Debug;
		};
		BFD6F6691B95847A003BD02A /* Release */ = {
			isa = XCBuildConfiguration;
			buildSettings = {
				COMBINE_HIDPI_IMAGES = YES;
				INFOPLIST_FILE = LigatureXcodePlugin/Info.plist;
				INSTALL_PATH = "$(LOCAL_LIBRARY_DIR)/Bundles";
				PRODUCT_BUNDLE_IDENTIFIER = com.robertvojta.app.LigatureXcodePlugin;
				PRODUCT_NAME = "$(TARGET_NAME)";
				SKIP_INSTALL = YES;
				WRAPPER_EXTENSION = xcplugin;
			};
			name = Release;
		};
/* End XCBuildConfiguration section */

/* Begin XCConfigurationList section */
		BFD6F65C1B95847A003BD02A /* Build configuration list for PBXProject "LigatureXcodePlugin" */ = {
			isa = XCConfigurationList;
			buildConfigurations = (
				BFD6F6651B95847A003BD02A /* Debug */,
				BFD6F6661B95847A003BD02A /* Release */,
			);
			defaultConfigurationIsVisible = 0;
			defaultConfigurationName = Release;
		};
		BFD6F6671B95847A003BD02A /* Build configuration list for PBXNativeTarget "LigatureXcodePlugin" */ = {
			isa = XCConfigurationList;
			buildConfigurations = (
				BFD6F6681B95847A003BD02A /* Debug */,
				BFD6F6691B95847A003BD02A /* Release */,
			);
			defaultConfigurationIsVisible = 0;
			defaultConfigurationName = Release;
		};
/* End XCConfigurationList section */
	};
	rootObject = BFD6F6591B95847A003BD02A /* Project object */;
}
